{
  "version": 4,
  "terraform_version": "1.14.6",
  "serial": 33,
  "lineage": "e5650575-1fc7-ca84-667c-cd5ef443ec97",
  "outputs": {},
  "resources": [
    {
      "mode": "managed",
      "type": "azurerm_resource_group",
      "name": "main",
      "provider": "provider[\"registry.terraform.io/hashicorp/azurerm\"]",
      "instances": [
        {
          "schema_version": 0,
          "attributes": {
            "id": "/subscriptions/cafa6cc6-0ea6-4599-aa8b-7275c17f3f3f/resourceGroups/devops-rg",
            "location": "eastus",
            "managed_by": "",
            "name": "devops-rg",
            "tags": {},
            "timeouts": null
          },
          "sensitive_attributes": [],
          "identity_schema_version": 0,
          "identity": {
            "name": "devops-rg",
            "subscription_id": "cafa6cc6-0ea6-4599-aa8b-7275c17f3f3f"
          },
          "private": "eyJlMmJmYjczMC1lY2FhLTExZTYtOGY4OC0zNDM2M2JjN2M0YzAiOnsiY3JlYXRlIjo1NDAwMDAwMDAwMDAwLCJkZWxldGUiOjU0MDAwMDAwMDAwMDAsInJlYWQiOjMwMDAwMDAwMDAwMCwidXBkYXRlIjo1NDAwMDAwMDAwMDAwfX0="
        }
      ]
    }
  ],
  "check_results": null
}
